
Microsoft Visual Studio Solution File, Format Version 12.00
# Visual Studio 15
VisualStudioVersion = 15.0.27130.2036
MinimumVisualStudioVersion = 10.0.40219.1
Project("{FAE04EC0-301F-11D3-BF4B-00C04F79EFBC}") = "Yikes!", "Yikes!\Yikes!.csproj", "{5E6610EC-6A23-4CF9-9A88-36460B1E669A}"
EndProject
Project("{FAE04EC0-301F-11D3-BF4B-00C04F79EFBC}") = "Yikes!.Tests", "Yikes!.Tests\Yikes!.Tests.csproj", "{C0C92C09-BA4B-40B4-A1E5-2BBEC1B81A22}"
EndProject
Global
	GlobalSection(SolutionConfigurationPlatforms) = preSolution
		Debug|Any CPU = Debug|Any CPU
		Release|Any CPU = Release|Any CPU
	EndGlobalSection
	GlobalSection(ProjectConfigurationPlatforms) = postSolution
		{5E6610EC-6A23-4CF9-9A88-36460B1E669A}.Debug|Any CPU.ActiveCfg = Debug|Any CPU
		{5E6610EC-6A23-4CF9-9A88-36460B1E669A}.Debug|Any CPU.Build.0 = Debug|Any CPU
		{5E6610EC-6A23-4CF9-9A88-36460B1E669A}.Release|Any CPU.ActiveCfg = Release|Any CPU
		{5E6610EC-6A23-4CF9-9A88-36460B1E669A}.Release|Any CPU.Build.0 = Release|Any CPU
		{C0C92C09-BA4B-40B4-A1E5-2BBEC1B81A22}.Debug|Any CPU.ActiveCfg = Debug|Any CPU
		{C0C92C09-BA4B-40B4-A1E5-2BBEC1B81A22}.Debug|Any CPU.Build.0 = Debug|Any CPU
		{C0C92C09-BA4B-40B4-A1E5-2BBEC1B81A22}.Release|Any CPU.ActiveCfg = Release|Any CPU
		{C0C92C09-BA4B-40B4-A1E5-2BBEC1B81A22}.Release|Any CPU.Build.0 = Release|Any CPU
	EndGlobalSection
	GlobalSection(SolutionProperties) = preSolution
		HideSolutionNode = FALSE
	EndGlobalSection
	GlobalSection(ExtensibilityGlobals) = postSolution
		SolutionGuid = {185E8179-1006-45C6-BECF-E585F186A3EB}
	EndGlobalSection
EndGlobal
